
Microsoft Visual Studio Solution File, Format Version 12.00
# Visual Studio Version 16
VisualStudioVersion = 16.0.809.4
MinimumVisualStudioVersion = 10.0.40219.1
Project("{FAE04EC0-301F-11D3-BF4B-00C04F79EFBC}") = "MethodExcercise", "MethodExcercise\MethodExcercise.csproj", "{F5DF0EDE-FB06-41E8-A9A0-94CF4597FF0D}"
EndProject
Global
	GlobalSection(SolutionConfigurationPlatforms) = preSolution
		Debug|Any CPU = Debug|Any CPU
		Release|Any CPU = Release|Any CPU
	EndGlobalSection
	GlobalSection(ProjectConfigurationPlatforms) = postSolution
		{F5DF0EDE-FB06-41E8-A9A0-94CF4597FF0D}.Debug|Any CPU.ActiveCfg = Debug|Any CPU
		{F5DF0EDE-FB06-41E8-A9A0-94CF4597FF0D}.Debug|Any CPU.Build.0 = Debug|Any CPU
		{F5DF0EDE-FB06-41E8-A9A0-94CF4597FF0D}.Release|Any CPU.ActiveCfg = Release|Any CPU
		{F5DF0EDE-FB06-41E8-A9A0-94CF4597FF0D}.Release|Any CPU.Build.0 = Release|Any CPU
	EndGlobalSection
	GlobalSection(SolutionProperties) = preSolution
		HideSolutionNode = FALSE
	EndGlobalSection
	GlobalSection(ExtensibilityGlobals) = postSolution
		SolutionGuid = {1879AD07-0610-4720-99FA-51A927E9AD31}
	EndGlobalSection
EndGlobal
